
Microsoft Visual Studio Solution File, Format Version 12.00
# Visual Studio 15
VisualStudioVersion = 15.0.26430.12
MinimumVisualStudioVersion = 10.0.40219.1
Project("{FAE04EC0-301F-11D3-BF4B-00C04F79EFBC}") = "DAL", "DAL\DAL.csproj", "{0AB0A766-803A-430E-BFCD-AC890B0B58B0}"
EndProject
Project("{FAE04EC0-301F-11D3-BF4B-00C04F79EFBC}") = "BL", "BL\BL.csproj", "{A8FECF79-E474-4474-8787-4DC7C5D1AE5C}"
EndProject
Project("{FAE04EC0-301F-11D3-BF4B-00C04F79EFBC}") = "BE", "BE\BE.csproj", "{4AC0B167-3571-45E7-9229-9FC448D9A877}"
EndProject
Project("{FAE04EC0-301F-11D3-BF4B-00C04F79EFBC}") = "PL", "PL\PL.csproj", "{72F055B8-A0D6-49AF-83D5-5E3DBB39D212}"
EndProject
Global
	GlobalSection(SolutionConfigurationPlatforms) = preSolution
		Debug|Any CPU = Debug|Any CPU
		Release|Any CPU = Release|Any CPU
	EndGlobalSection
	GlobalSection(ProjectConfigurationPlatforms) = postSolution
		{0AB0A766-803A-430E-BFCD-AC890B0B58B0}.Debug|Any CPU.ActiveCfg = Debug|Any CPU
		{0AB0A766-803A-430E-BFCD-AC890B0B58B0}.Debug|Any CPU.Build.0 = Debug|Any CPU
		{0AB0A766-803A-430E-BFCD-AC890B0B58B0}.Release|Any CPU.ActiveCfg = Release|Any CPU
		{0AB0A766-803A-430E-BFCD-AC890B0B58B0}.Release|Any CPU.Build.0 = Release|Any CPU
		{A8FECF79-E474-4474-8787-4DC7C5D1AE5C}.Debug|Any CPU.ActiveCfg = Debug|Any CPU
		{A8FECF79-E474-4474-8787-4DC7C5D1AE5C}.Debug|Any CPU.Build.0 = Debug|Any CPU
		{A8FECF79-E474-4474-8787-4DC7C5D1AE5C}.Release|Any CPU.ActiveCfg = Release|Any CPU
		{A8FECF79-E474-4474-8787-4DC7C5D1AE5C}.Release|Any CPU.Build.0 = Release|Any CPU
		{4AC0B167-3571-45E7-9229-9FC448D9A877}.Debug|Any CPU.ActiveCfg = Debug|Any CPU
		{4AC0B167-3571-45E7-9229-9FC448D9A877}.Debug|Any CPU.Build.0 = Debug|Any CPU
		{4AC0B167-3571-45E7-9229-9FC448D9A877}.Release|Any CPU.ActiveCfg = Release|Any CPU
		{4AC0B167-3571-45E7-9229-9FC448D9A877}.Release|Any CPU.Build.0 = Release|Any CPU
		{72F055B8-A0D6-49AF-83D5-5E3DBB39D212}.Debug|Any CPU.ActiveCfg = Debug|Any CPU
		{72F055B8-A0D6-49AF-83D5-5E3DBB39D212}.Debug|Any CPU.Build.0 = Debug|Any CPU
		{72F055B8-A0D6-49AF-83D5-5E3DBB39D212}.Release|Any CPU.ActiveCfg = Release|Any CPU
		{72F055B8-A0D6-49AF-83D5-5E3DBB39D212}.Release|Any CPU.Build.0 = Release|Any CPU
	EndGlobalSection
	GlobalSection(SolutionProperties) = preSolution
		HideSolutionNode = FALSE
	EndGlobalSection
EndGlobal
